
Microsoft Visual Studio Solution File, Format Version 12.00
# Visual Studio Version 16
VisualStudioVersion = 16.0.30517.126
MinimumVisualStudioVersion = 10.0.40219.1
Project("{9A19103F-16F7-4668-BE54-9A1E7A4F7556}") = "lesson_11", "test_1 (continue)\lesson_11.csproj", "{EE341DE8-485A-40CD-9947-212A076B36EE}"
EndProject
Project("{9A19103F-16F7-4668-BE54-9A1E7A4F7556}") = "Lesson_12", "Lesson_12\Lesson_12.csproj", "{5C4FCEC5-1FBF-4311-9B02-1164702E50CB}"
EndProject
Project("{9A19103F-16F7-4668-BE54-9A1E7A4F7556}") = "lesson_13", "lesson_13\lesson_13.csproj", "{CECCD53A-C8FE-46C9-AD6F-1AB875A2498E}"
EndProject
Project("{9A19103F-16F7-4668-BE54-9A1E7A4F7556}") = "lesson_14", "lesson_14\lesson_14.csproj", "{86235690-36E8-4E31-882F-00B076DB8C36}"
EndProject
Project("{FAE04EC0-301F-11D3-BF4B-00C04F79EFBC}") = "Lesson_15", "Lesson_15\Lesson_15.csproj", "{2F8181CC-B851-4464-A8FD-C6A23D125279}"
EndProject
Project("{FAE04EC0-301F-11D3-BF4B-00C04F79EFBC}") = "lesson_16true", "lesson_16true\lesson_16true.csproj", "{AFAA6926-8AC2-4C45-B201-F4FA102EC312}"
EndProject
Project("{FAE04EC0-301F-11D3-BF4B-00C04F79EFBC}") = "lesson_17", "lesson_17\lesson_17.csproj", "{E75B9C88-F807-47BE-89EB-CD9D784F34FC}"
EndProject
Project("{FAE04EC0-301F-11D3-BF4B-00C04F79EFBC}") = "lesson_18", "lesson_18\lesson_18.csproj", "{9503922C-AD82-4EE4-BCA1-24E61CAFA78E}"
EndProject
Project("{FAE04EC0-301F-11D3-BF4B-00C04F79EFBC}") = "lesson_19", "lesson_19\lesson_19.csproj", "{DF6FE040-270F-4510-B565-25839F0DB5FE}"
EndProject
Project("{FAE04EC0-301F-11D3-BF4B-00C04F79EFBC}") = "lesson_20", "lesson_20\lesson_20.csproj", "{8866843F-EA23-4D88-8E15-D7D110DA59E6}"
EndProject
Project("{FAE04EC0-301F-11D3-BF4B-00C04F79EFBC}") = "lesson_21", "lesson_21\lesson_21.csproj", "{B7A2F361-5F16-4B03-8D98-60514F699C8B}"
EndProject
Project("{FAE04EC0-301F-11D3-BF4B-00C04F79EFBC}") = "lesson_22", "lesson_22\lesson_22.csproj", "{F75DE706-5C6B-4EF9-81AD-4C5EBB5BF8E7}"
EndProject
Global
	GlobalSection(SolutionConfigurationPlatforms) = preSolution
		Debug|Any CPU = Debug|Any CPU
		Release|Any CPU = Release|Any CPU
	EndGlobalSection
	GlobalSection(ProjectConfigurationPlatforms) = postSolution
		{EE341DE8-485A-40CD-9947-212A076B36EE}.Debug|Any CPU.ActiveCfg = Debug|Any CPU
		{EE341DE8-485A-40CD-9947-212A076B36EE}.Debug|Any CPU.Build.0 = Debug|Any CPU
		{EE341DE8-485A-40CD-9947-212A076B36EE}.Release|Any CPU.ActiveCfg = Release|Any CPU
		{EE341DE8-485A-40CD-9947-212A076B36EE}.Release|Any CPU.Build.0 = Release|Any CPU
		{5C4FCEC5-1FBF-4311-9B02-1164702E50CB}.Debug|Any CPU.ActiveCfg = Debug|Any CPU
		{5C4FCEC5-1FBF-4311-9B02-1164702E50CB}.Debug|Any CPU.Build.0 = Debug|Any CPU
		{5C4FCEC5-1FBF-4311-9B02-1164702E50CB}.Release|Any CPU.ActiveCfg = Release|Any CPU
		{5C4FCEC5-1FBF-4311-9B02-1164702E50CB}.Release|Any CPU.Build.0 = Release|Any CPU
		{CECCD53A-C8FE-46C9-AD6F-1AB875A2498E}.Debug|Any CPU.ActiveCfg = Debug|Any CPU
		{CECCD53A-C8FE-46C9-AD6F-1AB875A2498E}.Debug|Any CPU.Build.0 = Debug|Any CPU
		{CECCD53A-C8FE-46C9-AD6F-1AB875A2498E}.Release|Any CPU.ActiveCfg = Release|Any CPU
		{CECCD53A-C8FE-46C9-AD6F-1AB875A2498E}.Release|Any CPU.Build.0 = Release|Any CPU
		{86235690-36E8-4E31-882F-00B076DB8C36}.Debug|Any CPU.ActiveCfg = Debug|Any CPU
		{86235690-36E8-4E31-882F-00B076DB8C36}.Debug|Any CPU.Build.0 = Debug|Any CPU
		{86235690-36E8-4E31-882F-00B076DB8C36}.Release|Any CPU.ActiveCfg = Release|Any CPU
		{86235690-36E8-4E31-882F-00B076DB8C36}.Release|Any CPU.Build.0 = Release|Any CPU
		{2F8181CC-B851-4464-A8FD-C6A23D125279}.Debug|Any CPU.ActiveCfg = Debug|Any CPU
		{2F8181CC-B851-4464-A8FD-C6A23D125279}.Debug|Any CPU.Build.0 = Debug|Any CPU
		{2F8181CC-B851-4464-A8FD-C6A23D125279}.Release|Any CPU.ActiveCfg = Release|Any CPU
		{2F8181CC-B851-4464-A8FD-C6A23D125279}.Release|Any CPU.Build.0 = Release|Any CPU
		{AFAA6926-8AC2-4C45-B201-F4FA102EC312}.Debug|Any CPU.ActiveCfg = Debug|Any CPU
		{AFAA6926-8AC2-4C45-B201-F4FA102EC312}.Debug|Any CPU.Build.0 = Debug|Any CPU
		{AFAA6926-8AC2-4C45-B201-F4FA102EC312}.Release|Any CPU.ActiveCfg = Release|Any CPU
		{AFAA6926-8AC2-4C45-B201-F4FA102EC312}.Release|Any CPU.Build.0 = Release|Any CPU
		{E75B9C88-F807-47BE-89EB-CD9D784F34FC}.Debug|Any CPU.ActiveCfg = Debug|Any CPU
		{E75B9C88-F807-47BE-89EB-CD9D784F34FC}.Debug|Any CPU.Build.0 = Debug|Any CPU
		{E75B9C88-F807-47BE-89EB-CD9D784F34FC}.Release|Any CPU.ActiveCfg = Release|Any CPU
		{E75B9C88-F807-47BE-89EB-CD9D784F34FC}.Release|Any CPU.Build.0 = Release|Any CPU
		{9503922C-AD82-4EE4-BCA1-24E61CAFA78E}.Debug|Any CPU.ActiveCfg = Debug|Any CPU
		{9503922C-AD82-4EE4-BCA1-24E61CAFA78E}.Debug|Any CPU.Build.0 = Debug|Any CPU
		{9503922C-AD82-4EE4-BCA1-24E61CAFA78E}.Release|Any CPU.ActiveCfg = Release|Any CPU
		{9503922C-AD82-4EE4-BCA1-24E61CAFA78E}.Release|Any CPU.Build.0 = Release|Any CPU
		{DF6FE040-270F-4510-B565-25839F0DB5FE}.Debug|Any CPU.ActiveCfg = Debug|Any CPU
		{DF6FE040-270F-4510-B565-25839F0DB5FE}.Debug|Any CPU.Build.0 = Debug|Any CPU
		{DF6FE040-270F-4510-B565-25839F0DB5FE}.Release|Any CPU.ActiveCfg = Release|Any CPU
		{DF6FE040-270F-4510-B565-25839F0DB5FE}.Release|Any CPU.Build.0 = Release|Any CPU
		{8866843F-EA23-4D88-8E15-D7D110DA59E6}.Debug|Any CPU.ActiveCfg = Debug|Any CPU
		{8866843F-EA23-4D88-8E15-D7D110DA59E6}.Debug|Any CPU.Build.0 = Debug|Any CPU
		{8866843F-EA23-4D88-8E15-D7D110DA59E6}.Release|Any CPU.ActiveCfg = Release|Any CPU
		{8866843F-EA23-4D88-8E15-D7D110DA59E6}.Release|Any CPU.Build.0 = Release|Any CPU
		{B7A2F361-5F16-4B03-8D98-60514F699C8B}.Debug|Any CPU.ActiveCfg = Debug|Any CPU
		{B7A2F361-5F16-4B03-8D98-60514F699C8B}.Debug|Any CPU.Build.0 = Debug|Any CPU
		{B7A2F361-5F16-4B03-8D98-60514F699C8B}.Release|Any CPU.ActiveCfg = Release|Any CPU
		{B7A2F361-5F16-4B03-8D98-60514F699C8B}.Release|Any CPU.Build.0 = Release|Any CPU
		{F75DE706-5C6B-4EF9-81AD-4C5EBB5BF8E7}.Debug|Any CPU.ActiveCfg = Debug|Any CPU
		{F75DE706-5C6B-4EF9-81AD-4C5EBB5BF8E7}.Debug|Any CPU.Build.0 = Debug|Any CPU
		{F75DE706-5C6B-4EF9-81AD-4C5EBB5BF8E7}.Release|Any CPU.ActiveCfg = Release|Any CPU
		{F75DE706-5C6B-4EF9-81AD-4C5EBB5BF8E7}.Release|Any CPU.Build.0 = Release|Any CPU
	EndGlobalSection
	GlobalSection(SolutionProperties) = preSolution
		HideSolutionNode = FALSE
	EndGlobalSection
	GlobalSection(ExtensibilityGlobals) = postSolution
		SolutionGuid = {A630A933-D95B-4262-A46A-E4B04536DD4B}
	EndGlobalSection
EndGlobal
