
Microsoft Visual Studio Solution File, Format Version 12.00
# Visual Studio Version 16
VisualStudioVersion = 16.0.30517.126
MinimumVisualStudioVersion = 10.0.40219.1
Project("{9A19103F-16F7-4668-BE54-9A1E7A4F7556}") = "Education", "Education\Education.csproj", "{63110716-BB9A-480F-9C47-BA836CC8ECF3}"
EndProject
Project("{FAE04EC0-301F-11D3-BF4B-00C04F79EFBC}") = "Lesson_2", "Lesson_2\Lesson_2.csproj", "{3697028E-1519-4CD8-B4EB-F4C0BDC677DD}"
EndProject
Project("{FAE04EC0-301F-11D3-BF4B-00C04F79EFBC}") = "lesson_3", "lesson_3\lesson_3.csproj", "{D80B7AA5-4A18-46C5-BCE5-F11D19221569}"
EndProject
Project("{FAE04EC0-301F-11D3-BF4B-00C04F79EFBC}") = "lesson_4", "lesson_4\lesson_4.csproj", "{6FD1E6DA-EA3D-4F26-9A65-CB60F993C72B}"
EndProject
Project("{FAE04EC0-301F-11D3-BF4B-00C04F79EFBC}") = "lesson_5", "lesson_5\lesson_5.csproj", "{0B5F71A0-9B98-4864-B914-D85934DB9CC2}"
EndProject
Project("{FAE04EC0-301F-11D3-BF4B-00C04F79EFBC}") = "lesson_6", "lesson_6\lesson_6.csproj", "{9E55101A-A040-4D5B-AFC1-7BFF504F6440}"
EndProject
Project("{FAE04EC0-301F-11D3-BF4B-00C04F79EFBC}") = "lesson_7", "lesson_7\lesson_7.csproj", "{C560098A-2CF0-4411-8017-688500FA5D45}"
EndProject
Project("{FAE04EC0-301F-11D3-BF4B-00C04F79EFBC}") = "lesson_8", "lesson_8\lesson_8.csproj", "{B1E638DB-91DB-4D5C-8F07-43212EF60E46}"
EndProject
Project("{FAE04EC0-301F-11D3-BF4B-00C04F79EFBC}") = "lesson_9", "lesson_9\lesson_9.csproj", "{1C9C0B2C-A705-4799-99E3-AD82B30D532C}"
EndProject
Project("{FAE04EC0-301F-11D3-BF4B-00C04F79EFBC}") = "lesson_10", "lesson_10\lesson_10.csproj", "{E56906C9-4467-41D5-94B9-22C7EC2E29D7}"
EndProject
Global
	GlobalSection(SolutionConfigurationPlatforms) = preSolution
		Debug|Any CPU = Debug|Any CPU
		Release|Any CPU = Release|Any CPU
	EndGlobalSection
	GlobalSection(ProjectConfigurationPlatforms) = postSolution
		{63110716-BB9A-480F-9C47-BA836CC8ECF3}.Debug|Any CPU.ActiveCfg = Debug|Any CPU
		{63110716-BB9A-480F-9C47-BA836CC8ECF3}.Debug|Any CPU.Build.0 = Debug|Any CPU
		{63110716-BB9A-480F-9C47-BA836CC8ECF3}.Release|Any CPU.ActiveCfg = Release|Any CPU
		{63110716-BB9A-480F-9C47-BA836CC8ECF3}.Release|Any CPU.Build.0 = Release|Any CPU
		{3697028E-1519-4CD8-B4EB-F4C0BDC677DD}.Debug|Any CPU.ActiveCfg = Debug|Any CPU
		{3697028E-1519-4CD8-B4EB-F4C0BDC677DD}.Debug|Any CPU.Build.0 = Debug|Any CPU
		{3697028E-1519-4CD8-B4EB-F4C0BDC677DD}.Release|Any CPU.ActiveCfg = Release|Any CPU
		{3697028E-1519-4CD8-B4EB-F4C0BDC677DD}.Release|Any CPU.Build.0 = Release|Any CPU
		{D80B7AA5-4A18-46C5-BCE5-F11D19221569}.Debug|Any CPU.ActiveCfg = Debug|Any CPU
		{D80B7AA5-4A18-46C5-BCE5-F11D19221569}.Debug|Any CPU.Build.0 = Debug|Any CPU
		{D80B7AA5-4A18-46C5-BCE5-F11D19221569}.Release|Any CPU.ActiveCfg = Release|Any CPU
		{D80B7AA5-4A18-46C5-BCE5-F11D19221569}.Release|Any CPU.Build.0 = Release|Any CPU
		{6FD1E6DA-EA3D-4F26-9A65-CB60F993C72B}.Debug|Any CPU.ActiveCfg = Debug|Any CPU
		{6FD1E6DA-EA3D-4F26-9A65-CB60F993C72B}.Debug|Any CPU.Build.0 = Debug|Any CPU
		{6FD1E6DA-EA3D-4F26-9A65-CB60F993C72B}.Release|Any CPU.ActiveCfg = Release|Any CPU
		{6FD1E6DA-EA3D-4F26-9A65-CB60F993C72B}.Release|Any CPU.Build.0 = Release|Any CPU
		{0B5F71A0-9B98-4864-B914-D85934DB9CC2}.Debug|Any CPU.ActiveCfg = Debug|Any CPU
		{0B5F71A0-9B98-4864-B914-D85934DB9CC2}.Debug|Any CPU.Build.0 = Debug|Any CPU
		{0B5F71A0-9B98-4864-B914-D85934DB9CC2}.Release|Any CPU.ActiveCfg = Release|Any CPU
		{0B5F71A0-9B98-4864-B914-D85934DB9CC2}.Release|Any CPU.Build.0 = Release|Any CPU
		{9E55101A-A040-4D5B-AFC1-7BFF504F6440}.Debug|Any CPU.ActiveCfg = Debug|Any CPU
		{9E55101A-A040-4D5B-AFC1-7BFF504F6440}.Debug|Any CPU.Build.0 = Debug|Any CPU
		{9E55101A-A040-4D5B-AFC1-7BFF504F6440}.Release|Any CPU.ActiveCfg = Release|Any CPU
		{9E55101A-A040-4D5B-AFC1-7BFF504F6440}.Release|Any CPU.Build.0 = Release|Any CPU
		{C560098A-2CF0-4411-8017-688500FA5D45}.Debug|Any CPU.ActiveCfg = Debug|Any CPU
		{C560098A-2CF0-4411-8017-688500FA5D45}.Debug|Any CPU.Build.0 = Debug|Any CPU
		{C560098A-2CF0-4411-8017-688500FA5D45}.Release|Any CPU.ActiveCfg = Release|Any CPU
		{C560098A-2CF0-4411-8017-688500FA5D45}.Release|Any CPU.Build.0 = Release|Any CPU
		{B1E638DB-91DB-4D5C-8F07-43212EF60E46}.Debug|Any CPU.ActiveCfg = Debug|Any CPU
		{B1E638DB-91DB-4D5C-8F07-43212EF60E46}.Debug|Any CPU.Build.0 = Debug|Any CPU
		{B1E638DB-91DB-4D5C-8F07-43212EF60E46}.Release|Any CPU.ActiveCfg = Release|Any CPU
		{B1E638DB-91DB-4D5C-8F07-43212EF60E46}.Release|Any CPU.Build.0 = Release|Any CPU
		{1C9C0B2C-A705-4799-99E3-AD82B30D532C}.Debug|Any CPU.ActiveCfg = Debug|Any CPU
		{1C9C0B2C-A705-4799-99E3-AD82B30D532C}.Debug|Any CPU.Build.0 = Debug|Any CPU
		{1C9C0B2C-A705-4799-99E3-AD82B30D532C}.Release|Any CPU.ActiveCfg = Release|Any CPU
		{1C9C0B2C-A705-4799-99E3-AD82B30D532C}.Release|Any CPU.Build.0 = Release|Any CPU
		{E56906C9-4467-41D5-94B9-22C7EC2E29D7}.Debug|Any CPU.ActiveCfg = Debug|Any CPU
		{E56906C9-4467-41D5-94B9-22C7EC2E29D7}.Debug|Any CPU.Build.0 = Debug|Any CPU
		{E56906C9-4467-41D5-94B9-22C7EC2E29D7}.Release|Any CPU.ActiveCfg = Release|Any CPU
		{E56906C9-4467-41D5-94B9-22C7EC2E29D7}.Release|Any CPU.Build.0 = Release|Any CPU
	EndGlobalSection
	GlobalSection(SolutionProperties) = preSolution
		HideSolutionNode = FALSE
	EndGlobalSection
	GlobalSection(ExtensibilityGlobals) = postSolution
		SolutionGuid = {56F858AD-5648-4447-989A-C43C889F5B80}
	EndGlobalSection
EndGlobal
